
Microsoft Visual Studio Solution File, Format Version 12.00
# Visual Studio Version 18
VisualStudioVersion = 18.5.11626.173 insiders
MinimumVisualStudioVersion = 10.0.40219.1
Project("{FAE04EC0-301F-11D3-BF4B-00C04F79EFBC}") = "agentsvsagentic", "agentsvsagentic.csproj", "{D38B04C6-DB18-87E1-112F-C8D686206FA2}"
EndProject
Global
	GlobalSection(SolutionConfigurationPlatforms) = preSolution
		Debug|Any CPU = Debug|Any CPU
		Release|Any CPU = Release|Any CPU
	EndGlobalSection
	GlobalSection(ProjectConfigurationPlatforms) = postSolution
		{D38B04C6-DB18-87E1-112F-C8D686206FA2}.Debug|Any CPU.ActiveCfg = Debug|Any CPU
		{D38B04C6-DB18-87E1-112F-C8D686206FA2}.Debug|Any CPU.Build.0 = Debug|Any CPU
		{D38B04C6-DB18-87E1-112F-C8D686206FA2}.Release|Any CPU.ActiveCfg = Release|Any CPU
		{D38B04C6-DB18-87E1-112F-C8D686206FA2}.Release|Any CPU.Build.0 = Release|Any CPU
	EndGlobalSection
	GlobalSection(SolutionProperties) = preSolution
		HideSolutionNode = FALSE
	EndGlobalSection
	GlobalSection(ExtensibilityGlobals) = postSolution
		SolutionGuid = {8C47584D-0B25-4555-9C2A-598ABC27EA54}
	EndGlobalSection
EndGlobal
